Microsoft Visual Studio Solution File, Format Version 12.00
# Visual Studio 2012
Project("{FAE04EC0-301F-11D3-BF4B-00C04F79EFBC}") = "HelloGame", "HelloGame.csproj", "{52950A53-7675-4CA0-B3F3-68C5FE901ECD}"
EndProject
Global
	GlobalSection(SolutionConfigurationPlatforms) = preSolution
	Debug|Any CPU = Debug|Any CPU
	ExportDebug|Any CPU = ExportDebug|Any CPU
	ExportRelease|Any CPU = ExportRelease|Any CPU
	EndGlobalSection
	GlobalSection(ProjectConfigurationPlatforms) = postSolution
		{52950A53-7675-4CA0-B3F3-68C5FE901ECD}.Debug|Any CPU.ActiveCfg = Debug|Any CPU
		{52950A53-7675-4CA0-B3F3-68C5FE901ECD}.Debug|Any CPU.Build.0 = Debug|Any CPU
		{52950A53-7675-4CA0-B3F3-68C5FE901ECD}.ExportDebug|Any CPU.ActiveCfg = ExportDebug|Any CPU
		{52950A53-7675-4CA0-B3F3-68C5FE901ECD}.ExportDebug|Any CPU.Build.0 = ExportDebug|Any CPU
		{52950A53-7675-4CA0-B3F3-68C5FE901ECD}.ExportRelease|Any CPU.ActiveCfg = ExportRelease|Any CPU
		{52950A53-7675-4CA0-B3F3-68C5FE901ECD}.ExportRelease|Any CPU.Build.0 = ExportRelease|Any CPU
	EndGlobalSection
EndGlobal
